// !$*UTF8*$!
{
	archiveVersion = 1;
	classes = {
	};
	objectVersion = 50;
	objects = {

/* Begin PBXBuildFile section */
		B14DC144210B4B8100AF9595 /* BETabBarButton.m in Sources */ = {isa = PBXBuildFile; fileRef = B14DC143210B4B8100AF9595 /* BETabBarButton.m */; };
		B14DC14C210B4ECD00AF9595 /* BETabBarItem.m in Sources */ = {isa = PBXBuildFile; fileRef = B14DC14B210B4ECD00AF9595 /* BETabBarItem.m */; };
		B15EAF3F2110526D000C066D /* BEExtensibleViewController.m in Sources */ = {isa = PBXBuildFile; fileRef = B15EAF3D2110526C000C066D /* BEExtensibleViewController.m */; };
		B15EAF4221105292000C066D /* BEBounceResolver.m in Sources */ = {isa = PBXBuildFile; fileRef = B15EAF4021105292000C066D /* BEBounceResolver.m */; };
		B15EAF4D21105378000C066D /* BEExtensionPresentationController.m in Sources */ = {isa = PBXBuildFile; fileRef = B15EAF4B21105378000C066D /* BEExtensionPresentationController.m */; };
		B15EAF5221105A6D000C066D /* BEExtensionPercentDrivenInteractiveTransition.m in Sources */ = {isa = PBXBuildFile; fileRef = B15EAF5121105A6D000C066D /* BEExtensionPercentDrivenInteractiveTransition.m */; };
		B15EAF57211060BD000C066D /* PlayerView.m in Sources */ = {isa = PBXBuildFile; fileRef = B15EAF55211060BD000C066D /* PlayerView.m */; };
		B15EAF5C21106123000C066D /* TrackDetailsViewController.m in Sources */ = {isa = PBXBuildFile; fileRef = B15EAF5B21106123000C066D /* TrackDetailsViewController.m */; };
		B15EAF6021106206000C066D /* PlayerTabBarViewController.m in Sources */ = {isa = PBXBuildFile; fileRef = B15EAF5F21106205000C066D /* PlayerTabBarViewController.m */; };
		B166FF352111F6CB00A33FD0 /* BETransformNormalizer.m in Sources */ = {isa = PBXBuildFile; fileRef = B166FF342111F6CB00A33FD0 /* BETransformNormalizer.m */; };
		B192EA0D210748F800355080 /* AppDelegate.m in Sources */ = {isa = PBXBuildFile; fileRef = B192EA0C210748F800355080 /* AppDelegate.m */; };
		B192EA13210748F900355080 /* Main.storyboard in Resources */ = {isa = PBXBuildFile; fileRef = B192EA11210748F900355080 /* Main.storyboard */; };
		B192EA152107490800355080 /* Assets.xcassets in Resources */ = {isa = PBXBuildFile; fileRef = B192EA142107490800355080 /* Assets.xcassets */; };
		B192EA182107490800355080 /* LaunchScreen.storyboard in Resources */ = {isa = PBXBuildFile; fileRef = B192EA162107490800355080 /* LaunchScreen.storyboard */; };
		B192EA1B2107490800355080 /* main.m in Sources */ = {isa = PBXBuildFile; fileRef = B192EA1A2107490800355080 /* main.m */; };
		B192EA2421074A0F00355080 /* BEExtendedTabBarController.m in Sources */ = {isa = PBXBuildFile; fileRef = B192EA2321074A0F00355080 /* BEExtendedTabBarController.m */; };
		B192EA2721074E8700355080 /* BETabBar.m in Sources */ = {isa = PBXBuildFile; fileRef = B192EA2621074E8700355080 /* BETabBar.m */; };
		B192EA3321075B9400355080 /* BEBarBackground.m in Sources */ = {isa = PBXBuildFile; fileRef = B192EA3221075B9400355080 /* BEBarBackground.m */; };
		B192EA3E21085F4F00355080 /* BEExtendedTabBarControlleConstants.m in Sources */ = {isa = PBXBuildFile; fileRef = B192EA3D21085F4F00355080 /* BEExtendedTabBarControlleConstants.m */; };
		B192EA4321086DB400355080 /* BEExtendedTabBarControllerContainerView.m in Sources */ = {isa = PBXBuildFile; fileRef = B192EA4221086DB400355080 /* BEExtendedTabBarControllerContainerView.m */; };
/* End PBXBuildFile section */

/* Begin PBXFileReference section */
		B11EF7902109EC6C005DD3C0 /* BETabBarDelegate.h */ = {isa = PBXFileReference; lastKnownFileType = sourcecode.c.h; path = BETabBarDelegate.h; sourceTree = "<group>"; };
		B14DC142210B4B8100AF9595 /* BETabBarButton.h */ = {isa = PBXFileReference; fileEncoding = 4; lastKnownFileType = sourcecode.c.h; path = BETabBarButton.h; sourceTree = "<group>"; };
		B14DC143210B4B8100AF9595 /* BETabBarButton.m */ = {isa = PBXFileReference; fileEncoding = 4; lastKnownFileType = sourcecode.c.objc; path = BETabBarButton.m; sourceTree = "<group>"; };
		B14DC14A210B4ECD00AF9595 /* BETabBarItem.h */ = {isa = PBXFileReference; lastKnownFileType = sourcecode.c.h; path = BETabBarItem.h; sourceTree = "<group>"; };
		B14DC14B210B4ECD00AF9595 /* BETabBarItem.m */ = {isa = PBXFileReference; lastKnownFileType = sourcecode.c.objc; path = BETabBarItem.m; sourceTree = "<group>"; };
		B15EAF3C2110526C000C066D /* BEExtensibleViewController.h */ = {isa = PBXFileReference; fileEncoding = 4; lastKnownFileType = sourcecode.c.h; path = BEExtensibleViewController.h; sourceTree = "<group>"; };
		B15EAF3D2110526C000C066D /* BEExtensibleViewController.m */ = {isa = PBXFileReference; fileEncoding = 4; lastKnownFileType = sourcecode.c.objc; path = BEExtensibleViewController.m; sourceTree = "<group>"; };
		B15EAF3E2110526D000C066D /* BEExtensibleViewControllerDelegate.h */ = {isa = PBXFileReference; fileEncoding = 4; lastKnownFileType = sourcecode.c.h; path = BEExtensibleViewControllerDelegate.h; sourceTree = "<group>"; };
		B15EAF4021105292000C066D /* BEBounceResolver.m */ = {isa = PBXFileReference; fileEncoding = 4; lastKnownFileType = sourcecode.c.objc; path = BEBounceResolver.m; sourceTree = "<group>"; };
		B15EAF4121105292000C066D /* BEBounceResolver.h */ = {isa = PBXFileReference; fileEncoding = 4; lastKnownFileType = sourcecode.c.h; path = BEBounceResolver.h; sourceTree = "<group>"; };
		B15EAF4B21105378000C066D /* BEExtensionPresentationController.m */ = {isa = PBXFileReference; fileEncoding = 4; lastKnownFileType = sourcecode.c.objc; path = BEExtensionPresentationController.m; sourceTree = "<group>"; };
		B15EAF4C21105378000C066D /* BEExtensionPresentationController.h */ = {isa = PBXFileReference; fileEncoding = 4; lastKnownFileType = sourcecode.c.h; path = BEExtensionPresentationController.h; sourceTree = "<group>"; };
		B15EAF4F21105A6D000C066D /* BEExtensionPercentDrivenInteractiveTransitionDelegate.h */ = {isa = PBXFileReference; fileEncoding = 4; lastKnownFileType = sourcecode.c.h; path = BEExtensionPercentDrivenInteractiveTransitionDelegate.h; sourceTree = "<group>"; };
		B15EAF5021105A6D000C066D /* BEExtensionPercentDrivenInteractiveTransition.h */ = {isa = PBXFileReference; fileEncoding = 4; lastKnownFileType = sourcecode.c.h; path = BEExtensionPercentDrivenInteractiveTransition.h; sourceTree = "<group>"; };
		B15EAF5121105A6D000C066D /* BEExtensionPercentDrivenInteractiveTransition.m */ = {isa = PBXFileReference; fileEncoding = 4; lastKnownFileType = sourcecode.c.objc; path = BEExtensionPercentDrivenInteractiveTransition.m; sourceTree = "<group>"; };
		B15EAF55211060BD000C066D /* PlayerView.m */ = {isa = PBXFileReference; fileEncoding = 4; lastKnownFileType = sourcecode.c.objc; path = PlayerView.m; sourceTree = "<group>"; };
		B15EAF56211060BD000C066D /* PlayerView.h */ = {isa = PBXFileReference; fileEncoding = 4; lastKnownFileType = sourcecode.c.h; path = PlayerView.h; sourceTree = "<group>"; };
		B15EAF5A21106123000C066D /* TrackDetailsViewController.h */ = {isa = PBXFileReference; fileEncoding = 4; lastKnownFileType = sourcecode.c.h; path = TrackDetailsViewController.h; sourceTree = "<group>"; };
		B15EAF5B21106123000C066D /* TrackDetailsViewController.m */ = {isa = PBXFileReference; fileEncoding = 4; lastKnownFileType = sourcecode.c.objc; path = TrackDetailsViewController.m; sourceTree = "<group>"; };
		B15EAF5E21106205000C066D /* PlayerTabBarViewController.h */ = {isa = PBXFileReference; fileEncoding = 4; lastKnownFileType = sourcecode.c.h; path = PlayerTabBarViewController.h; sourceTree = "<group>"; };
		B15EAF5F21106205000C066D /* PlayerTabBarViewController.m */ = {isa = PBXFileReference; fileEncoding = 4; lastKnownFileType = sourcecode.c.objc; path = PlayerTabBarViewController.m; sourceTree = "<group>"; };
		B166FF332111F6CB00A33FD0 /* BETransformNormalizer.h */ = {isa = PBXFileReference; lastKnownFileType = sourcecode.c.h; path = BETransformNormalizer.h; sourceTree = "<group>"; };
		B166FF342111F6CB00A33FD0 /* BETransformNormalizer.m */ = {isa = PBXFileReference; lastKnownFileType = sourcecode.c.objc; path = BETransformNormalizer.m; sourceTree = "<group>"; };
		B192EA08210748F800355080 /* CustomTabBaController.app */ = {isa = PBXFileReference; explicitFileType = wrapper.application; includeInIndex = 0; path = CustomTabBaController.app; sourceTree = BUILT_PRODUCTS_DIR; };
		B192EA0B210748F800355080 /* AppDelegate.h */ = {isa = PBXFileReference; lastKnownFileType = sourcecode.c.h; path = AppDelegate.h; sourceTree = "<group>"; };
		B192EA0C210748F800355080 /* AppDelegate.m */ = {isa = PBXFileReference; lastKnownFileType = sourcecode.c.objc; path = AppDelegate.m; sourceTree = "<group>"; };
		B192EA12210748F900355080 /* Base */ = {isa = PBXFileReference; lastKnownFileType = file.storyboard; name = Base; path = Base.lproj/Main.storyboard; sourceTree = "<group>"; };
		B192EA142107490800355080 /* Assets.xcassets */ = {isa = PBXFileReference; lastKnownFileType = folder.assetcatalog; path = Assets.xcassets; sourceTree = "<group>"; };
		B192EA172107490800355080 /* Base */ = {isa = PBXFileReference; lastKnownFileType = file.storyboard; name = Base; path = Base.lproj/LaunchScreen.storyboard; sourceTree = "<group>"; };
		B192EA192107490800355080 /* Info.plist */ = {isa = PBXFileReference; lastKnownFileType = text.plist.xml; path = Info.plist; sourceTree = "<group>"; };
		B192EA1A2107490800355080 /* main.m */ = {isa = PBXFileReference; lastKnownFileType = sourcecode.c.objc; path = main.m; sourceTree = "<group>"; };
		B192EA2221074A0F00355080 /* BEExtendedTabBarController.h */ = {isa = PBXFileReference; lastKnownFileType = sourcecode.c.h; path = BEExtendedTabBarController.h; sourceTree = "<group>"; };
		B192EA2321074A0F00355080 /* BEExtendedTabBarController.m */ = {isa = PBXFileReference; lastKnownFileType = sourcecode.c.objc; path = BEExtendedTabBarController.m; sourceTree = "<group>"; };
		B192EA2521074E8700355080 /* BETabBar.h */ = {isa = PBXFileReference; lastKnownFileType = sourcecode.c.h; path = BETabBar.h; sourceTree = "<group>"; };
		B192EA2621074E8700355080 /* BETabBar.m */ = {isa = PBXFileReference; lastKnownFileType = sourcecode.c.objc; path = BETabBar.m; sourceTree = "<group>"; };
		B192EA3121075B9400355080 /* BEBarBackground.h */ = {isa = PBXFileReference; lastKnownFileType = sourcecode.c.h; path = BEBarBackground.h; sourceTree = "<group>"; };
		B192EA3221075B9400355080 /* BEBarBackground.m */ = {isa = PBXFileReference; lastKnownFileType = sourcecode.c.objc; path = BEBarBackground.m; sourceTree = "<group>"; };
		B192EA3C21085F4F00355080 /* BEExtendedTabBarControlleConstants.h */ = {isa = PBXFileReference; lastKnownFileType = sourcecode.c.h; path = BEExtendedTabBarControlleConstants.h; sourceTree = "<group>"; };
		B192EA3D21085F4F00355080 /* BEExtendedTabBarControlleConstants.m */ = {isa = PBXFileReference; lastKnownFileType = sourcecode.c.objc; path = BEExtendedTabBarControlleConstants.m; sourceTree = "<group>"; };
		B192EA4121086DB400355080 /* BEExtendedTabBarControllerContainerView.h */ = {isa = PBXFileReference; lastKnownFileType = sourcecode.c.h; path = BEExtendedTabBarControllerContainerView.h; sourceTree = "<group>"; };
		B192EA4221086DB400355080 /* BEExtendedTabBarControllerContainerView.m */ = {isa = PBXFileReference; lastKnownFileType = sourcecode.c.objc; path = BEExtendedTabBarControllerContainerView.m; sourceTree = "<group>"; };
/* End PBXFileReference section */

/* Begin PBXFrameworksBuildPhase section */
		B192EA05210748F800355080 /* Frameworks */ = {
			isa = PBXFrameworksBuildPhase;
			buildActionMask = 2147483647;
			files = (
			);
			runOnlyForDeploymentPostprocessing = 0;
		};
/* End PBXFrameworksBuildPhase section */

/* Begin PBXGroup section */
		B14DC141210B4B6700AF9595 /* BETabBarButton */ = {
			isa = PBXGroup;
			children = (
				B14DC142210B4B8100AF9595 /* BETabBarButton.h */,
				B14DC143210B4B8100AF9595 /* BETabBarButton.m */,
			);
			path = BETabBarButton;
			sourceTree = "<group>";
		};
		B14DC149210B4EB900AF9595 /* BETabBarItem */ = {
			isa = PBXGroup;
			children = (
				B14DC14A210B4ECD00AF9595 /* BETabBarItem.h */,
				B14DC14B210B4ECD00AF9595 /* BETabBarItem.m */,
			);
			path = BETabBarItem;
			sourceTree = "<group>";
		};
		B15EAF1E21104890000C066D /* Animator */ = {
			isa = PBXGroup;
			children = (
				B15EAF4E21105A53000C066D /* BEExtensionPercentDrivenInteractiveTransition */,
				B15EAF4A2110535C000C066D /* BEExtensionPresentationController */,
			);
			path = Animator;
			sourceTree = "<group>";
		};
		B15EAF2A21104B0B000C066D /* Utilities */ = {
			isa = PBXGroup;
			children = (
				B166FF362111F74B00A33FD0 /* BEBounceResolver */,
				B166FF322111F6B900A33FD0 /* BETransformNormalizer */,
			);
			path = Utilities;
			sourceTree = "<group>";
		};
		B15EAF3521104CC2000C066D /* Controller */ = {
			isa = PBXGroup;
			children = (
				B15EAF3B21105245000C066D /* BEExtensibleViewController */,
				B192EA3F2108642000355080 /* BEExtendedTabBarController */,
			);
			path = Controller;
			sourceTree = "<group>";
		};
		B15EAF3621104D2B000C066D /* View */ = {
			isa = PBXGroup;
			children = (
				B192EA2821074E9100355080 /* BETabBar */,
			);
			path = View;
			sourceTree = "<group>";
		};
		B15EAF3B21105245000C066D /* BEExtensibleViewController */ = {
			isa = PBXGroup;
			children = (
				B15EAF3C2110526C000C066D /* BEExtensibleViewController.h */,
				B15EAF3D2110526C000C066D /* BEExtensibleViewController.m */,
				B15EAF3E2110526D000C066D /* BEExtensibleViewControllerDelegate.h */,
			);
			path = BEExtensibleViewController;
			sourceTree = "<group>";
		};
		B15EAF4A2110535C000C066D /* BEExtensionPresentationController */ = {
			isa = PBXGroup;
			children = (
				B15EAF4C21105378000C066D /* BEExtensionPresentationController.h */,
				B15EAF4B21105378000C066D /* BEExtensionPresentationController.m */,
			);
			path = BEExtensionPresentationController;
			sourceTree = "<group>";
		};
		B15EAF4E21105A53000C066D /* BEExtensionPercentDrivenInteractiveTransition */ = {
			isa = PBXGroup;
			children = (
				B15EAF5021105A6D000C066D /* BEExtensionPercentDrivenInteractiveTransition.h */,
				B15EAF5121105A6D000C066D /* BEExtensionPercentDrivenInteractiveTransition.m */,
				B15EAF4F21105A6D000C066D /* BEExtensionPercentDrivenInteractiveTransitionDelegate.h */,
			);
			path = BEExtensionPercentDrivenInteractiveTransition;
			sourceTree = "<group>";
		};
		B15EAF5321106084000C066D /* Demo */ = {
			isa = PBXGroup;
			children = (
				B192EA0B210748F800355080 /* AppDelegate.h */,
				B192EA0C210748F800355080 /* AppDelegate.m */,
				B15EAF5821106102000C066D /* Controller */,
				B15EAF542110608C000C066D /* View */,
			);
			path = Demo;
			sourceTree = "<group>";
		};
		B15EAF542110608C000C066D /* View */ = {
			isa = PBXGroup;
			children = (
				B15EAF56211060BD000C066D /* PlayerView.h */,
				B15EAF55211060BD000C066D /* PlayerView.m */,
			);
			path = View;
			sourceTree = "<group>";
		};
		B15EAF5821106102000C066D /* Controller */ = {
			isa = PBXGroup;
			children = (
				B15EAF5D211061D2000C066D /* PlayerTabBarViewController */,
				B15EAF592110610A000C066D /* TrackDetailsViewController */,
			);
			path = Controller;
			sourceTree = "<group>";
		};
		B15EAF592110610A000C066D /* TrackDetailsViewController */ = {
			isa = PBXGroup;
			children = (
				B15EAF5A21106123000C066D /* TrackDetailsViewController.h */,
				B15EAF5B21106123000C066D /* TrackDetailsViewController.m */,
			);
			path = TrackDetailsViewController;
			sourceTree = "<group>";
		};
		B15EAF5D211061D2000C066D /* PlayerTabBarViewController */ = {
			isa = PBXGroup;
			children = (
				B15EAF5E21106205000C066D /* PlayerTabBarViewController.h */,
				B15EAF5F21106205000C066D /* PlayerTabBarViewController.m */,
			);
			path = PlayerTabBarViewController;
			sourceTree = "<group>";
		};
		B166FF322111F6B900A33FD0 /* BETransformNormalizer */ = {
			isa = PBXGroup;
			children = (
				B166FF332111F6CB00A33FD0 /* BETransformNormalizer.h */,
				B166FF342111F6CB00A33FD0 /* BETransformNormalizer.m */,
			);
			path = BETransformNormalizer;
			sourceTree = "<group>";
		};
		B166FF362111F74B00A33FD0 /* BEBounceResolver */ = {
			isa = PBXGroup;
			children = (
				B15EAF4121105292000C066D /* BEBounceResolver.h */,
				B15EAF4021105292000C066D /* BEBounceResolver.m */,
			);
			path = BEBounceResolver;
			sourceTree = "<group>";
		};
		B192E9FF210748F800355080 = {
			isa = PBXGroup;
			children = (
				B192EA0A210748F800355080 /* CustomTabBaController */,
				B192EA09210748F800355080 /* Products */,
			);
			sourceTree = "<group>";
		};
		B192EA09210748F800355080 /* Products */ = {
			isa = PBXGroup;
			children = (
				B192EA08210748F800355080 /* CustomTabBaController.app */,
			);
			name = Products;
			sourceTree = "<group>";
		};
		B192EA0A210748F800355080 /* CustomTabBaController */ = {
			isa = PBXGroup;
			children = (
				B15EAF5321106084000C066D /* Demo */,
				B192EA212107497C00355080 /* Core */,
				B192EA11210748F900355080 /* Main.storyboard */,
				B192EA142107490800355080 /* Assets.xcassets */,
				B192EA162107490800355080 /* LaunchScreen.storyboard */,
				B192EA192107490800355080 /* Info.plist */,
				B192EA1A2107490800355080 /* main.m */,
			);
			path = CustomTabBaController;
			sourceTree = "<group>";
		};
		B192EA212107497C00355080 /* Core */ = {
			isa = PBXGroup;
			children = (
				B15EAF1E21104890000C066D /* Animator */,
				B192EA3C21085F4F00355080 /* BEExtendedTabBarControlleConstants.h */,
				B192EA3D21085F4F00355080 /* BEExtendedTabBarControlleConstants.m */,
				B15EAF3521104CC2000C066D /* Controller */,
				B15EAF2A21104B0B000C066D /* Utilities */,
				B15EAF3621104D2B000C066D /* View */,
			);
			path = Core;
			sourceTree = "<group>";
		};
		B192EA2821074E9100355080 /* BETabBar */ = {
			isa = PBXGroup;
			children = (
				B14DC149210B4EB900AF9595 /* BETabBarItem */,
				B192EA3021075B7B00355080 /* BEBarBackground */,
				B192EA2521074E8700355080 /* BETabBar.h */,
				B192EA2621074E8700355080 /* BETabBar.m */,
				B14DC141210B4B6700AF9595 /* BETabBarButton */,
				B11EF7902109EC6C005DD3C0 /* BETabBarDelegate.h */,
			);
			path = BETabBar;
			sourceTree = "<group>";
		};
		B192EA3021075B7B00355080 /* BEBarBackground */ = {
			isa = PBXGroup;
			children = (
				B192EA3121075B9400355080 /* BEBarBackground.h */,
				B192EA3221075B9400355080 /* BEBarBackground.m */,
			);
			path = BEBarBackground;
			sourceTree = "<group>";
		};
		B192EA3F2108642000355080 /* BEExtendedTabBarController */ = {
			isa = PBXGroup;
			children = (
				B192EA4021086D3900355080 /* BELayoutContainerView */,
				B192EA2221074A0F00355080 /* BEExtendedTabBarController.h */,
				B192EA2321074A0F00355080 /* BEExtendedTabBarController.m */,
			);
			path = BEExtendedTabBarController;
			sourceTree = "<group>";
		};
		B192EA4021086D3900355080 /* BELayoutContainerView */ = {
			isa = PBXGroup;
			children = (
				B192EA4121086DB400355080 /* BEExtendedTabBarControllerContainerView.h */,
				B192EA4221086DB400355080 /* BEExtendedTabBarControllerContainerView.m */,
			);
			path = BELayoutContainerView;
			sourceTree = "<group>";
		};
/* End PBXGroup section */

/* Begin PBXNativeTarget section */
		B192EA07210748F800355080 /* CustomTabBaController */ = {
			isa = PBXNativeTarget;
			buildConfigurationList = B192EA1E2107490800355080 /* Build configuration list for PBXNativeTarget "CustomTabBaController" */;
			buildPhases = (
				B192EA04210748F800355080 /* Sources */,
				B192EA05210748F800355080 /* Frameworks */,
				B192EA06210748F800355080 /* Resources */,
			);
			buildRules = (
			);
			dependencies = (
			);
			name = CustomTabBaController;
			productName = CustomTabBaController;
			productReference = B192EA08210748F800355080 /* CustomTabBaController.app */;
			productType = "com.apple.product-type.application";
		};
/* End PBXNativeTarget section */

/* Begin PBXProject section */
		B192EA00210748F800355080 /* Project object */ = {
			isa = PBXProject;
			attributes = {
				LastUpgradeCheck = 0940;
				ORGANIZATIONNAME = "Andrew Seregin";
				TargetAttributes = {
					B192EA07210748F800355080 = {
						CreatedOnToolsVersion = 9.4.1;
					};
				};
			};
			buildConfigurationList = B192EA03210748F800355080 /* Build configuration list for PBXProject "CustomTabBaController" */;
			compatibilityVersion = "Xcode 9.3";
			developmentRegion = en;
			hasScannedForEncodings = 0;
			knownRegions = (
				en,
				Base,
			);
			mainGroup = B192E9FF210748F800355080;
			productRefGroup = B192EA09210748F800355080 /* Products */;
			projectDirPath = "";
			projectRoot = "";
			targets = (
				B192EA07210748F800355080 /* CustomTabBaController */,
			);
		};
/* End PBXProject section */

/* Begin PBXResourcesBuildPhase section */
		B192EA06210748F800355080 /* Resources */ = {
			isa = PBXResourcesBuildPhase;
			buildActionMask = 2147483647;
			files = (
				B192EA182107490800355080 /* LaunchScreen.storyboard in Resources */,
				B192EA152107490800355080 /* Assets.xcassets in Resources */,
				B192EA13210748F900355080 /* Main.storyboard in Resources */,
			);
			runOnlyForDeploymentPostprocessing = 0;
		};
/* End PBXResourcesBuildPhase section */

/* Begin PBXSourcesBuildPhase section */
		B192EA04210748F800355080 /* Sources */ = {
			isa = PBXSourcesBuildPhase;
			buildActionMask = 2147483647;
			files = (
				B15EAF5221105A6D000C066D /* BEExtensionPercentDrivenInteractiveTransition.m in Sources */,
				B15EAF3F2110526D000C066D /* BEExtensibleViewController.m in Sources */,
				B15EAF4D21105378000C066D /* BEExtensionPresentationController.m in Sources */,
				B166FF352111F6CB00A33FD0 /* BETransformNormalizer.m in Sources */,
				B14DC14C210B4ECD00AF9595 /* BETabBarItem.m in Sources */,
				B192EA3321075B9400355080 /* BEBarBackground.m in Sources */,
				B15EAF5C21106123000C066D /* TrackDetailsViewController.m in Sources */,
				B192EA1B2107490800355080 /* main.m in Sources */,
				B15EAF6021106206000C066D /* PlayerTabBarViewController.m in Sources */,
				B14DC144210B4B8100AF9595 /* BETabBarButton.m in Sources */,
				B192EA3E21085F4F00355080 /* BEExtendedTabBarControlleConstants.m in Sources */,
				B192EA2721074E8700355080 /* BETabBar.m in Sources */,
				B192EA2421074A0F00355080 /* BEExtendedTabBarController.m in Sources */,
				B15EAF4221105292000C066D /* BEBounceResolver.m in Sources */,
				B192EA4321086DB400355080 /* BEExtendedTabBarControllerContainerView.m in Sources */,
				B192EA0D210748F800355080 /* AppDelegate.m in Sources */,
				B15EAF57211060BD000C066D /* PlayerView.m in Sources */,
			);
			runOnlyForDeploymentPostprocessing = 0;
		};
/* End PBXSourcesBuildPhase section */

/* Begin PBXVariantGroup section */
		B192EA11210748F900355080 /* Main.storyboard */ = {
			isa = PBXVariantGroup;
			children = (
				B192EA12210748F900355080 /* Base */,
			);
			name = Main.storyboard;
			sourceTree = "<group>";
		};
		B192EA162107490800355080 /* LaunchScreen.storyboard */ = {
			isa = PBXVariantGroup;
			children = (
				B192EA172107490800355080 /* Base */,
			);
			name = LaunchScreen.storyboard;
			sourceTree = "<group>";
		};
/* End PBXVariantGroup section */

/* Begin XCBuildConfiguration section */
		B192EA1C2107490800355080 /* Debug */ = {
			isa = XCBuildConfiguration;
			buildSettings = {
				ALWAYS_SEARCH_USER_PATHS = NO;
				CLANG_ANALYZER_NONNULL = YES;
				CLANG_ANALYZER_NUMBER_OBJECT_CONVERSION = YES_AGGRESSIVE;
				CLANG_CXX_LANGUAGE_STANDARD = "gnu++14";
				CLANG_CXX_LIBRARY = "libc++";
				CLANG_ENABLE_MODULES = YES;
				CLANG_ENABLE_OBJC_ARC = YES;
				CLANG_ENABLE_OBJC_WEAK = YES;
				CLANG_WARN_BLOCK_CAPTURE_AUTORELEASING = YES;
				CLANG_WARN_BOOL_CONVERSION = YES;
				CLANG_WARN_COMMA = YES;
				CLANG_WARN_CONSTANT_CONVERSION = YES;
				CLANG_WARN_DEPRECATED_OBJC_IMPLEMENTATIONS = YES;
				CLANG_WARN_DIRECT_OBJC_ISA_USAGE = YES_ERROR;
				CLANG_WARN_DOCUMENTATION_COMMENTS = YES;
				CLANG_WARN_EMPTY_BODY = YES;
				CLANG_WARN_ENUM_CONVERSION = YES;
				CLANG_WARN_INFINITE_RECURSION = YES;
				CLANG_WARN_INT_CONVERSION = YES;
				CLANG_WARN_NON_LITERAL_NULL_CONVERSION = YES;
				CLANG_WARN_OBJC_IMPLICIT_RETAIN_SELF = YES;
				CLANG_WARN_OBJC_LITERAL_CONVERSION = YES;
				CLANG_WARN_OBJC_ROOT_CLASS = YES_ERROR;
				CLANG_WARN_RANGE_LOOP_ANALYSIS = YES;
				CLANG_WARN_STRICT_PROTOTYPES = YES;
				CLANG_WARN_SUSPICIOUS_MOVE = YES;
				CLANG_WARN_UNGUARDED_AVAILABILITY = YES_AGGRESSIVE;
				CLANG_WARN_UNREACHABLE_CODE = YES;
				CLANG_WARN__DUPLICATE_METHOD_MATCH = YES;
				CODE_SIGN_IDENTITY = "iPhone Developer";
				COPY_PHASE_STRIP = NO;
				DEBUG_INFORMATION_FORMAT = dwarf;
				ENABLE_STRICT_OBJC_MSGSEND = YES;
				ENABLE_TESTABILITY = YES;
				GCC_C_LANGUAGE_STANDARD = gnu11;
				GCC_DYNAMIC_NO_PIC = NO;
				GCC_NO_COMMON_BLOCKS = YES;
				GCC_OPTIMIZATION_LEVEL = 0;
				GCC_PREPROCESSOR_DEFINITIONS = (
					"DEBUG=1",
					"$(inherited)",
				);
				GCC_WARN_64_TO_32_BIT_CONVERSION = YES;
				GCC_WARN_ABOUT_RETURN_TYPE = YES_ERROR;
				GCC_WARN_UNDECLARED_SELECTOR = YES;
				GCC_WARN_UNINITIALIZED_AUTOS = YES_AGGRESSIVE;
				GCC_WARN_UNUSED_FUNCTION = YES;
				GCC_WARN_UNUSED_VARIABLE = YES;
				IPHONEOS_DEPLOYMENT_TARGET = 11.4;
				MTL_ENABLE_DEBUG_INFO = YES;
				ONLY_ACTIVE_ARCH = YES;
				SDKROOT = iphoneos;
			};
			name = Debug;
		};
		B192EA1D2107490800355080 /* Release */ = {
			isa = XCBuildConfiguration;
			buildSettings = {
				ALWAYS_SEARCH_USER_PATHS = NO;
				CLANG_ANALYZER_NONNULL = YES;
				CLANG_ANALYZER_NUMBER_OBJECT_CONVERSION = YES_AGGRESSIVE;
				CLANG_CXX_LANGUAGE_STANDARD = "gnu++14";
				CLANG_CXX_LIBRARY = "libc++";
				CLANG_ENABLE_MODULES = YES;
				CLANG_ENABLE_OBJC_ARC = YES;
				CLANG_ENABLE_OBJC_WEAK = YES;
				CLANG_WARN_BLOCK_CAPTURE_AUTORELEASING = YES;
				CLANG_WARN_BOOL_CONVERSION = YES;
				CLANG_WARN_COMMA = YES;
				CLANG_WARN_CONSTANT_CONVERSION = YES;
				CLANG_WARN_DEPRECATED_OBJC_IMPLEMENTATIONS = YES;
				CLANG_WARN_DIRECT_OBJC_ISA_USAGE = YES_ERROR;
				CLANG_WARN_DOCUMENTATION_COMMENTS = YES;
				CLANG_WARN_EMPTY_BODY = YES;
				CLANG_WARN_ENUM_CONVERSION = YES;
				CLANG_WARN_INFINITE_RECURSION = YES;
				CLANG_WARN_INT_CONVERSION = YES;
				CLANG_WARN_NON_LITERAL_NULL_CONVERSION = YES;
				CLANG_WARN_OBJC_IMPLICIT_RETAIN_SELF = YES;
				CLANG_WARN_OBJC_LITERAL_CONVERSION = YES;
				CLANG_WARN_OBJC_ROOT_CLASS = YES_ERROR;
				CLANG_WARN_RANGE_LOOP_ANALYSIS = YES;
				CLANG_WARN_STRICT_PROTOTYPES = YES;
				CLANG_WARN_SUSPICIOUS_MOVE = YES;
				CLANG_WARN_UNGUARDED_AVAILABILITY = YES_AGGRESSIVE;
				CLANG_WARN_UNREACHABLE_CODE = YES;
				CLANG_WARN__DUPLICATE_METHOD_MATCH = YES;
				CODE_SIGN_IDENTITY = "iPhone Developer";
				COPY_PHASE_STRIP = NO;
				DEBUG_INFORMATION_FORMAT = "dwarf-with-dsym";
				ENABLE_NS_ASSERTIONS = NO;
				ENABLE_STRICT_OBJC_MSGSEND = YES;
				GCC_C_LANGUAGE_STANDARD = gnu11;
				GCC_NO_COMMON_BLOCKS = YES;
				GCC_WARN_64_TO_32_BIT_CONVERSION = YES;
				GCC_WARN_ABOUT_RETURN_TYPE = YES_ERROR;
				GCC_WARN_UNDECLARED_SELECTOR = YES;
				GCC_WARN_UNINITIALIZED_AUTOS = YES_AGGRESSIVE;
				GCC_WARN_UNUSED_FUNCTION = YES;
				GCC_WARN_UNUSED_VARIABLE = YES;
				IPHONEOS_DEPLOYMENT_TARGET = 11.4;
				MTL_ENABLE_DEBUG_INFO = NO;
				SDKROOT = iphoneos;
				VALIDATE_PRODUCT = YES;
			};
			name = Release;
		};
		B192EA1F2107490800355080 /* Debug */ = {
			isa = XCBuildConfiguration;
			buildSettings = {
				ASSETCATALOG_COMPILER_APPICON_NAME = AppIcon;
				CODE_SIGN_STYLE = Automatic;
				DEVELOPMENT_TEAM = 639C7F35GX;
				INFOPLIST_FILE = CustomTabBaController/Info.plist;
				IPHONEOS_DEPLOYMENT_TARGET = 11.2;
				LD_RUNPATH_SEARCH_PATHS = (
					"$(inherited)",
					"@executable_path/Frameworks",
				);
				PRODUCT_BUNDLE_IDENTIFIER = andrew.s.seregin.gmail.com.CustomTabBaController;
				PRODUCT_NAME = "$(TARGET_NAME)";
				TARGETED_DEVICE_FAMILY = 1;
			};
			name = Debug;
		};
		B192EA202107490800355080 /* Release */ = {
			isa = XCBuildConfiguration;
			buildSettings = {
				ASSETCATALOG_COMPILER_APPICON_NAME = AppIcon;
				CODE_SIGN_STYLE = Automatic;
				DEVELOPMENT_TEAM = 639C7F35GX;
				INFOPLIST_FILE = CustomTabBaController/Info.plist;
				IPHONEOS_DEPLOYMENT_TARGET = 11.2;
				LD_RUNPATH_SEARCH_PATHS = (
					"$(inherited)",
					"@executable_path/Frameworks",
				);
				PRODUCT_BUNDLE_IDENTIFIER = andrew.s.seregin.gmail.com.CustomTabBaController;
				PRODUCT_NAME = "$(TARGET_NAME)";
				TARGETED_DEVICE_FAMILY = 1;
			};
			name = Release;
		};
/* End XCBuildConfiguration section */

/* Begin XCConfigurationList section */
		B192EA03210748F800355080 /* Build configuration list for PBXProject "CustomTabBaController" */ = {
			isa = XCConfigurationList;
			buildConfigurations = (
				B192EA1C2107490800355080 /* Debug */,
				B192EA1D2107490800355080 /* Release */,
			);
			defaultConfigurationIsVisible = 0;
			defaultConfigurationName = Release;
		};
		B192EA1E2107490800355080 /* Build configuration list for PBXNativeTarget "CustomTabBaController" */ = {
			isa = XCConfigurationList;
			buildConfigurations = (
				B192EA1F2107490800355080 /* Debug */,
				B192EA202107490800355080 /* Release */,
			);
			defaultConfigurationIsVisible = 0;
			defaultConfigurationName = Release;
		};
/* End XCConfigurationList section */
	};
	rootObject = B192EA00210748F800355080 /* Project object */;
}
